// !$*UTF8*$!
{
	archiveVersion = 1;
	classes = {
	};
	objectVersion = 48;
	objects = {

/* Begin PBXBuildFile section */
		46E9D9321F953EF500225749 /* AppDelegate.swift in Sources */ = {isa = PBXBuildFile; fileRef = 46E9D9311F953EF500225749 /* AppDelegate.swift */; };
		46E9D9341F953EF500225749 /* ViewController.swift in Sources */ = {isa = PBXBuildFile; fileRef = 46E9D9331F953EF500225749 /* ViewController.swift */; };
		46E9D9371F953EF500225749 /* Main.storyboard in Resources */ = {isa = PBXBuildFile; fileRef = 46E9D9351F953EF500225749 /* Main.storyboard */; };
		46E9D93A1F953EF500225749 /* Tic_Tac_Toe_Game.xcdatamodeld in Sources */ = {isa = PBXBuildFile; fileRef = 46E9D9381F953EF500225749 /* Tic_Tac_Toe_Game.xcdatamodeld */; };
		46E9D93C1F953EF500225749 /* Assets.xcassets in Resources */ = {isa = PBXBuildFile; fileRef = 46E9D93B1F953EF500225749 /* Assets.xcassets */; };
		46E9D93F1F953EF500225749 /* LaunchScreen.storyboard in Resources */ = {isa = PBXBuildFile; fileRef = 46E9D93D1F953EF500225749 /* LaunchScreen.storyboard */; };
/* End PBXBuildFile section */

/* Begin PBXFileReference section */
		46E9D92E1F953EF500225749 /* Tic Tac Toe Game.app */ = {isa = PBXFileReference; explicitFileType = wrapper.application; includeInIndex = 0; path = "Tic Tac Toe Game.app"; sourceTree = BUILT_PRODUCTS_DIR; };
		46E9D9311F953EF500225749 /* AppDelegate.swift */ = {isa = PBXFileReference; lastKnownFileType = sourcecode.swift; path = AppDelegate.swift; sourceTree = "<group>"; };
		46E9D9331F953EF500225749 /* ViewController.swift */ = {isa = PBXFileReference; lastKnownFileType = sourcecode.swift; path = ViewController.swift; sourceTree = "<group>"; };
		46E9D9361F953EF500225749 /* Base */ = {isa = PBXFileReference; lastKnownFileType = file.storyboard; name = Base; path = Base.lproj/Main.storyboard; sourceTree = "<group>"; };
		46E9D9391F953EF500225749 /* Tic_Tac_Toe_Game.xcdatamodel */ = {isa = PBXFileReference; lastKnownFileType = wrapper.xcdatamodel; path = Tic_Tac_Toe_Game.xcdatamodel; sourceTree = "<group>"; };
		46E9D93B1F953EF500225749 /* Assets.xcassets */ = {isa = PBXFileReference; lastKnownFileType = folder.assetcatalog; path = Assets.xcassets; sourceTree = "<group>"; };
		46E9D93E1F953EF500225749 /* Base */ = {isa = PBXFileReference; lastKnownFileType = file.storyboard; name = Base; path = Base.lproj/LaunchScreen.storyboard; sourceTree = "<group>"; };
		46E9D9401F953EF500225749 /* Info.plist */ = {isa = PBXFileReference; lastKnownFileType = text.plist.xml; path = Info.plist; sourceTree = "<group>"; };
/* End PBXFileReference section */

/* Begin PBXFrameworksBuildPhase section */
		46E9D92B1F953EF500225749 /* Frameworks */ = {
			isa = PBXFrameworksBuildPhase;
			buildActionMask = 2147483647;
			files = (
			);
			runOnlyForDeploymentPostprocessing = 0;
		};
/* End PBXFrameworksBuildPhase section */

/* Begin PBXGroup section */
		46E9D9251F953EF500225749 = {
			isa = PBXGroup;
			children = (
				46E9D9301F953EF500225749 /* Tic Tac Toe Game */,
				46E9D92F1F953EF500225749 /* Products */,
			);
			sourceTree = "<group>";
		};
		46E9D92F1F953EF500225749 /* Products */ = {
			isa = PBXGroup;
			children = (
				46E9D92E1F953EF500225749 /* Tic Tac Toe Game.app */,
			);
			name = Products;
			sourceTree = "<group>";
		};
		46E9D9301F953EF500225749 /* Tic Tac Toe Game */ = {
			isa = PBXGroup;
			children = (
				46E9D9311F953EF500225749 /* AppDelegate.swift */,
				46E9D9331F953EF500225749 /* ViewController.swift */,
				46E9D9351F953EF500225749 /* Main.storyboard */,
				46E9D93B1F953EF500225749 /* Assets.xcassets */,
				46E9D93D1F953EF500225749 /* LaunchScreen.storyboard */,
				46E9D9401F953EF500225749 /* Info.plist */,
				46E9D9381F953EF500225749 /* Tic_Tac_Toe_Game.xcdatamodeld */,
			);
			path = "Tic Tac Toe Game";
			sourceTree = "<group>";
		};
/* End PBXGroup section */

/* Begin PBXNativeTarget section */
		46E9D92D1F953EF500225749 /* Tic Tac Toe Game */ = {
			isa = PBXNativeTarget;
			buildConfigurationList = 46E9D9431F953EF500225749 /* Build configuration list for PBXNativeTarget "Tic Tac Toe Game" */;
			buildPhases = (
				46E9D92A1F953EF500225749 /* Sources */,
				46E9D92B1F953EF500225749 /* Frameworks */,
				46E9D92C1F953EF500225749 /* Resources */,
			);
			buildRules = (
			);
			dependencies = (
			);
			name = "Tic Tac Toe Game";
			productName = "Tic Tac Toe Game";
			productReference = 46E9D92E1F953EF500225749 /* Tic Tac Toe Game.app */;
			productType = "com.apple.product-type.application";
		};
/* End PBXNativeTarget section */

/* Begin PBXProject section */
		46E9D9261F953EF500225749 /* Project object */ = {
			isa = PBXProject;
			attributes = {
				LastSwiftUpdateCheck = 0900;
				LastUpgradeCheck = 0900;
				ORGANIZATIONNAME = Luthfialy;
				TargetAttributes = {
					46E9D92D1F953EF500225749 = {
						CreatedOnToolsVersion = 9.0;
						ProvisioningStyle = Automatic;
					};
				};
			};
			buildConfigurationList = 46E9D9291F953EF500225749 /* Build configuration list for PBXProject "Tic Tac Toe Game" */;
			compatibilityVersion = "Xcode 8.0";
			developmentRegion = en;
			hasScannedForEncodings = 0;
			knownRegions = (
				en,
				Base,
			);
			mainGroup = 46E9D9251F953EF500225749;
			productRefGroup = 46E9D92F1F953EF500225749 /* Products */;
			projectDirPath = "";
			projectRoot = "";
			targets = (
				46E9D92D1F953EF500225749 /* Tic Tac Toe Game */,
			);
		};
/* End PBXProject section */

/* Begin PBXResourcesBuildPhase section */
		46E9D92C1F953EF500225749 /* Resources */ = {
			isa = PBXResourcesBuildPhase;
			buildActionMask = 2147483647;
			files = (
				46E9D93F1F953EF500225749 /* LaunchScreen.storyboard in Resources */,
				46E9D93C1F953EF500225749 /* Assets.xcassets in Resources */,
				46E9D9371F953EF500225749 /* Main.storyboard in Resources */,
			);
			runOnlyForDeploymentPostprocessing = 0;
		};
/* End PBXResourcesBuildPhase section */

/* Begin PBXSourcesBuildPhase section */
		46E9D92A1F953EF500225749 /* Sources */ = {
			isa = PBXSourcesBuildPhase;
			buildActionMask = 2147483647;
			files = (
				46E9D9341F953EF500225749 /* ViewController.swift in Sources */,
				46E9D9321F953EF500225749 /* AppDelegate.swift in Sources */,
				46E9D93A1F953EF500225749 /* Tic_Tac_Toe_Game.xcdatamodeld in Sources */,
			);
			runOnlyForDeploymentPostprocessing = 0;
		};
/* End PBXSourcesBuildPhase section */

/* Begin PBXVariantGroup section */
		46E9D9351F953EF500225749 /* Main.storyboard */ = {
			isa = PBXVariantGroup;
			children = (
				46E9D9361F953EF500225749 /* Base */,
			);
			name = Main.storyboard;
			sourceTree = "<group>";
		};
		46E9D93D1F953EF500225749 /* LaunchScreen.storyboard */ = {
			isa = PBXVariantGroup;
			children = (
				46E9D93E1F953EF500225749 /* Base */,
			);
			name = LaunchScreen.storyboard;
			sourceTree = "<group>";
		};
/* End PBXVariantGroup section */

/* Begin XCBuildConfiguration section */
		46E9D9411F953EF500225749 /* Debug */ = {
			isa = XCBuildConfiguration;
			buildSettings = {
				ALWAYS_SEARCH_USER_PATHS = NO;
				CLANG_ANALYZER_NONNULL = YES;
				CLANG_ANALYZER_NUMBER_OBJECT_CONVERSION = YES_AGGRESSIVE;
				CLANG_CXX_LANGUAGE_STANDARD = "gnu++14";
				CLANG_CXX_LIBRARY = "libc++";
				CLANG_ENABLE_MODULES = YES;
				CLANG_ENABLE_OBJC_ARC = YES;
				CLANG_WARN_BLOCK_CAPTURE_AUTORELEASING = YES;
				CLANG_WARN_BOOL_CONVERSION = YES;
				CLANG_WARN_COMMA = YES;
				CLANG_WARN_CONSTANT_CONVERSION = YES;
				CLANG_WARN_DIRECT_OBJC_ISA_USAGE = YES_ERROR;
				CLANG_WARN_DOCUMENTATION_COMMENTS = YES;
				CLANG_WARN_EMPTY_BODY = YES;
				CLANG_WARN_ENUM_CONVERSION = YES;
				CLANG_WARN_INFINITE_RECURSION = YES;
				CLANG_WARN_INT_CONVERSION = YES;
				CLANG_WARN_NON_LITERAL_NULL_CONVERSION = YES;
				CLANG_WARN_OBJC_LITERAL_CONVERSION = YES;
				CLANG_WARN_OBJC_ROOT_CLASS = YES_ERROR;
				CLANG_WARN_RANGE_LOOP_ANALYSIS = YES;
				CLANG_WARN_STRICT_PROTOTYPES = YES;
				CLANG_WARN_SUSPICIOUS_MOVE = YES;
				CLANG_WARN_UNGUARDED_AVAILABILITY = YES_AGGRESSIVE;
				CLANG_WARN_UNREACHABLE_CODE = YES;
				CLANG_WARN__DUPLICATE_METHOD_MATCH = YES;
				CODE_SIGN_IDENTITY = "iPhone Developer";
				COPY_PHASE_STRIP = NO;
				DEBUG_INFORMATION_FORMAT = dwarf;
				ENABLE_STRICT_OBJC_MSGSEND = YES;
				ENABLE_TESTABILITY = YES;
				GCC_C_LANGUAGE_STANDARD = gnu11;
				GCC_DYNAMIC_NO_PIC = NO;
				GCC_NO_COMMON_BLOCKS = YES;
				GCC_OPTIMIZATION_LEVEL = 0;
				GCC_PREPROCESSOR_DEFINITIONS = (
					"DEBUG=1",
					"$(inherited)",
				);
				GCC_WARN_64_TO_32_BIT_CONVERSION = YES;
				GCC_WARN_ABOUT_RETURN_TYPE = YES_ERROR;
				GCC_WARN_UNDECLARED_SELECTOR = YES;
				GCC_WARN_UNINITIALIZED_AUTOS = YES_AGGRESSIVE;
				GCC_WARN_UNUSED_FUNCTION = YES;
				GCC_WARN_UNUSED_VARIABLE = YES;
				IPHONEOS_DEPLOYMENT_TARGET = 11.0;
				MTL_ENABLE_DEBUG_INFO = YES;
				ONLY_ACTIVE_ARCH = YES;
				SDKROOT = iphoneos;
				SWIFT_ACTIVE_COMPILATION_CONDITIONS = DEBUG;
				SWIFT_OPTIMIZATION_LEVEL = "-Onone";
			};
			name = Debug;
		};
		46E9D9421F953EF500225749 /* Release */ = {
			isa = XCBuildConfiguration;
			buildSettings = {
				ALWAYS_SEARCH_USER_PATHS = NO;
				CLANG_ANALYZER_NONNULL = YES;
				CLANG_ANALYZER_NUMBER_OBJECT_CONVERSION = YES_AGGRESSIVE;
				CLANG_CXX_LANGUAGE_STANDARD = "gnu++14";
				CLANG_CXX_LIBRARY = "libc++";
				CLANG_ENABLE_MODULES = YES;
				CLANG_ENABLE_OBJC_ARC = YES;
				CLANG_WARN_BLOCK_CAPTURE_AUTORELEASING = YES;
				CLANG_WARN_BOOL_CONVERSION = YES;
				CLANG_WARN_COMMA = YES;
				CLANG_WARN_CONSTANT_CONVERSION = YES;
				CLANG_WARN_DIRECT_OBJC_ISA_USAGE = YES_ERROR;
				CLANG_WARN_DOCUMENTATION_COMMENTS = YES;
				CLANG_WARN_EMPTY_BODY = YES;
				CLANG_WARN_ENUM_CONVERSION = YES;
				CLANG_WARN_INFINITE_RECURSION = YES;
				CLANG_WARN_INT_CONVERSION = YES;
				CLANG_WARN_NON_LITERAL_NULL_CONVERSION = YES;
				CLANG_WARN_OBJC_LITERAL_CONVERSION = YES;
				CLANG_WARN_OBJC_ROOT_CLASS = YES_ERROR;
				CLANG_WARN_RANGE_LOOP_ANALYSIS = YES;
				CLANG_WARN_STRICT_PROTOTYPES = YES;
				CLANG_WARN_SUSPICIOUS_MOVE = YES;
				CLANG_WARN_UNGUARDED_AVAILABILITY = YES_AGGRESSIVE;
				CLANG_WARN_UNREACHABLE_CODE = YES;
				CLANG_WARN__DUPLICATE_METHOD_MATCH = YES;
				CODE_SIGN_IDENTITY = "iPhone Developer";
				COPY_PHASE_STRIP = NO;
				DEBUG_INFORMATION_FORMAT = "dwarf-with-dsym";
				ENABLE_NS_ASSERTIONS = NO;
				ENABLE_STRICT_OBJC_MSGSEND = YES;
				GCC_C_LANGUAGE_STANDARD = gnu11;
				GCC_NO_COMMON_BLOCKS = YES;
				GCC_WARN_64_TO_32_BIT_CONVERSION = YES;
				GCC_WARN_ABOUT_RETURN_TYPE = YES_ERROR;
				GCC_WARN_UNDECLARED_SELECTOR = YES;
				GCC_WARN_UNINITIALIZED_AUTOS = YES_AGGRESSIVE;
				GCC_WARN_UNUSED_FUNCTION = YES;
				GCC_WARN_UNUSED_VARIABLE = YES;
				IPHONEOS_DEPLOYMENT_TARGET = 11.0;
				MTL_ENABLE_DEBUG_INFO = NO;
				SDKROOT = iphoneos;
				SWIFT_OPTIMIZATION_LEVEL = "-Owholemodule";
				VALIDATE_PRODUCT = YES;
			};
			name = Release;
		};
		46E9D9441F953EF500225749 /* Debug */ = {
			isa = XCBuildConfiguration;
			buildSettings = {
				ASSETCATALOG_COMPILER_APPICON_NAME = AppIcon;
				CODE_SIGN_STYLE = Automatic;
				INFOPLIST_FILE = "Tic Tac Toe Game/Info.plist";
				LD_RUNPATH_SEARCH_PATHS = "$(inherited) @executable_path/Frameworks";
				PRODUCT_BUNDLE_IDENTIFIER = "com.Luthfialy.Tic-Tac-Toe-Game";
				PRODUCT_NAME = "$(TARGET_NAME)";
				SWIFT_VERSION = 4.0;
				TARGETED_DEVICE_FAMILY = "1,2";
			};
			name = Debug;
		};
		46E9D9451F953EF500225749 /* Release */ = {
			isa = XCBuildConfiguration;
			buildSettings = {
				ASSETCATALOG_COMPILER_APPICON_NAME = AppIcon;
				CODE_SIGN_STYLE = Automatic;
				INFOPLIST_FILE = "Tic Tac Toe Game/Info.plist";
				LD_RUNPATH_SEARCH_PATHS = "$(inherited) @executable_path/Frameworks";
				PRODUCT_BUNDLE_IDENTIFIER = "com.Luthfialy.Tic-Tac-Toe-Game";
				PRODUCT_NAME = "$(TARGET_NAME)";
				SWIFT_VERSION = 4.0;
				TARGETED_DEVICE_FAMILY = "1,2";
			};
			name = Release;
		};
/* End XCBuildConfiguration section */

/* Begin XCConfigurationList section */
		46E9D9291F953EF500225749 /* Build configuration list for PBXProject "Tic Tac Toe Game" */ = {
			isa = XCConfigurationList;
			buildConfigurations = (
				46E9D9411F953EF500225749 /* Debug */,
				46E9D9421F953EF500225749 /* Release */,
			);
			defaultConfigurationIsVisible = 0;
			defaultConfigurationName = Release;
		};
		46E9D9431F953EF500225749 /* Build configuration list for PBXNativeTarget "Tic Tac Toe Game" */ = {
			isa = XCConfigurationList;
			buildConfigurations = (
				46E9D9441F953EF500225749 /* Debug */,
				46E9D9451F953EF500225749 /* Release */,
			);
			defaultConfigurationIsVisible = 0;
			defaultConfigurationName = Release;
		};
/* End XCConfigurationList section */

/* Begin XCVersionGroup section */
		46E9D9381F953EF500225749 /* Tic_Tac_Toe_Game.xcdatamodeld */ = {
			isa = XCVersionGroup;
			children = (
				46E9D9391F953EF500225749 /* Tic_Tac_Toe_Game.xcdatamodel */,
			);
			currentVersion = 46E9D9391F953EF500225749 /* Tic_Tac_Toe_Game.xcdatamodel */;
			path = Tic_Tac_Toe_Game.xcdatamodeld;
			sourceTree = "<group>";
			versionGroupType = wrapper.xcdatamodel;
		};
/* End XCVersionGroup section */
	};
	rootObject = 46E9D9261F953EF500225749 /* Project object */;
}
